
Microsoft Visual Studio Solution File, Format Version 12.00
# Visual Studio 15
VisualStudioVersion = 15.0.27428.2015
MinimumVisualStudioVersion = 10.0.40219.1
Project("{9A19103F-16F7-4668-BE54-9A1E7A4F7556}") = "Stealer", "Stealer\Stealer.csproj", "{7589A555-1189-41AB-97B6-8CCF762A695E}"
EndProject
Project("{FAE04EC0-301F-11D3-BF4B-00C04F79EFBC}") = "HighQualityMistakes", "HighQualityMistakes\HighQualityMistakes.csproj", "{A471733D-EF86-4254-A0F8-6325A21C9E12}"
EndProject
Project("{FAE04EC0-301F-11D3-BF4B-00C04F79EFBC}") = "MissionPrivateImpossible", "MissionPrivateImpossible\MissionPrivateImpossible.csproj", "{AB09E35C-A285-4AF3-9025-C842F4B75042}"
EndProject
Project("{FAE04EC0-301F-11D3-BF4B-00C04F79EFBC}") = "Collector", "Collector\Collector.csproj", "{E99E179C-8016-448A-B145-FC4970B62521}"
EndProject
Project("{FAE04EC0-301F-11D3-BF4B-00C04F79EFBC}") = "CreateAttribute", "CreateAttribute\CreateAttribute.csproj", "{116FE301-3642-4E57-B8C4-F388463C4D5F}"
EndProject
Project("{FAE04EC0-301F-11D3-BF4B-00C04F79EFBC}") = "CodingTracker", "CodeTracker\CodingTracker.csproj", "{7CEE1993-FBD9-4F74-B4F4-86A842EB21FE}"
EndProject
Project("{9A19103F-16F7-4668-BE54-9A1E7A4F7556}") = "P01_HarvestingFields", "P01_HarvestingFields\P01_HarvestingFields.csproj", "{DBA8DE04-73AA-40C9-839D-9FEAE82ECB08}"
EndProject
Global
	GlobalSection(SolutionConfigurationPlatforms) = preSolution
		Debug|Any CPU = Debug|Any CPU
		Release|Any CPU = Release|Any CPU
	EndGlobalSection
	GlobalSection(ProjectConfigurationPlatforms) = postSolution
		{7589A555-1189-41AB-97B6-8CCF762A695E}.Debug|Any CPU.ActiveCfg = Debug|Any CPU
		{7589A555-1189-41AB-97B6-8CCF762A695E}.Debug|Any CPU.Build.0 = Debug|Any CPU
		{7589A555-1189-41AB-97B6-8CCF762A695E}.Release|Any CPU.ActiveCfg = Release|Any CPU
		{7589A555-1189-41AB-97B6-8CCF762A695E}.Release|Any CPU.Build.0 = Release|Any CPU
		{A471733D-EF86-4254-A0F8-6325A21C9E12}.Debug|Any CPU.ActiveCfg = Debug|Any CPU
		{A471733D-EF86-4254-A0F8-6325A21C9E12}.Debug|Any CPU.Build.0 = Debug|Any CPU
		{A471733D-EF86-4254-A0F8-6325A21C9E12}.Release|Any CPU.ActiveCfg = Release|Any CPU
		{A471733D-EF86-4254-A0F8-6325A21C9E12}.Release|Any CPU.Build.0 = Release|Any CPU
		{AB09E35C-A285-4AF3-9025-C842F4B75042}.Debug|Any CPU.ActiveCfg = Debug|Any CPU
		{AB09E35C-A285-4AF3-9025-C842F4B75042}.Debug|Any CPU.Build.0 = Debug|Any CPU
		{AB09E35C-A285-4AF3-9025-C842F4B75042}.Release|Any CPU.ActiveCfg = Release|Any CPU
		{AB09E35C-A285-4AF3-9025-C842F4B75042}.Release|Any CPU.Build.0 = Release|Any CPU
		{E99E179C-8016-448A-B145-FC4970B62521}.Debug|Any CPU.ActiveCfg = Debug|Any CPU
		{E99E179C-8016-448A-B145-FC4970B62521}.Debug|Any CPU.Build.0 = Debug|Any CPU
		{E99E179C-8016-448A-B145-FC4970B62521}.Release|Any CPU.ActiveCfg = Release|Any CPU
		{E99E179C-8016-448A-B145-FC4970B62521}.Release|Any CPU.Build.0 = Release|Any CPU
		{116FE301-3642-4E57-B8C4-F388463C4D5F}.Debug|Any CPU.ActiveCfg = Debug|Any CPU
		{116FE301-3642-4E57-B8C4-F388463C4D5F}.Debug|Any CPU.Build.0 = Debug|Any CPU
		{116FE301-3642-4E57-B8C4-F388463C4D5F}.Release|Any CPU.ActiveCfg = Release|Any CPU
		{116FE301-3642-4E57-B8C4-F388463C4D5F}.Release|Any CPU.Build.0 = Release|Any CPU
		{7CEE1993-FBD9-4F74-B4F4-86A842EB21FE}.Debug|Any CPU.ActiveCfg = Debug|Any CPU
		{7CEE1993-FBD9-4F74-B4F4-86A842EB21FE}.Debug|Any CPU.Build.0 = Debug|Any CPU
		{7CEE1993-FBD9-4F74-B4F4-86A842EB21FE}.Release|Any CPU.ActiveCfg = Release|Any CPU
		{7CEE1993-FBD9-4F74-B4F4-86A842EB21FE}.Release|Any CPU.Build.0 = Release|Any CPU
		{DBA8DE04-73AA-40C9-839D-9FEAE82ECB08}.Debug|Any CPU.ActiveCfg = Debug|Any CPU
		{DBA8DE04-73AA-40C9-839D-9FEAE82ECB08}.Debug|Any CPU.Build.0 = Debug|Any CPU
		{DBA8DE04-73AA-40C9-839D-9FEAE82ECB08}.Release|Any CPU.ActiveCfg = Release|Any CPU
		{DBA8DE04-73AA-40C9-839D-9FEAE82ECB08}.Release|Any CPU.Build.0 = Release|Any CPU
	EndGlobalSection
	GlobalSection(SolutionProperties) = preSolution
		HideSolutionNode = FALSE
	EndGlobalSection
	GlobalSection(ExtensibilityGlobals) = postSolution
		SolutionGuid = {00EF8464-4739-472D-BCED-A7467A94F5EA}
	EndGlobalSection
EndGlobal
