
Microsoft Visual Studio Solution File, Format Version 12.00
# Visual Studio 15
VisualStudioVersion = 15.0.27428.2027
MinimumVisualStudioVersion = 10.0.40219.1
Project("{9A19103F-16F7-4668-BE54-9A1E7A4F7556}") = "Database", "Database\Database.csproj", "{771E80DB-FCB9-4FAD-9F94-28A9D371A74A}"
EndProject
Project("{9A19103F-16F7-4668-BE54-9A1E7A4F7556}") = "DatabaseTests", "DatabaseTests\DatabaseTests.csproj", "{4ACF4F30-DCFC-464F-B1FC-8DC32318D80C}"
EndProject
Project("{9A19103F-16F7-4668-BE54-9A1E7A4F7556}") = "ExtendedDatabase", "ExtendedDatabase\ExtendedDatabase.csproj", "{0C59D761-EB8E-4B0C-9473-B1C0847921F2}"
EndProject
Project("{9A19103F-16F7-4668-BE54-9A1E7A4F7556}") = "ExtendedDatabaseTests", "ExtendedDatabaseTests\ExtendedDatabaseTests.csproj", "{BEA1ED74-C692-48BF-9565-562F8C9D2A30}"
EndProject
Project("{9A19103F-16F7-4668-BE54-9A1E7A4F7556}") = "Iterator", "Iterator\Iterator.csproj", "{ADF2CC96-913D-4BBF-A2CC-9952655AEC37}"
EndProject
Project("{9A19103F-16F7-4668-BE54-9A1E7A4F7556}") = "IteratorTest", "IteratorTest\IteratorTest.csproj", "{4E426D89-074B-4250-BD67-ABDF6FFF15BC}"
EndProject
Project("{9A19103F-16F7-4668-BE54-9A1E7A4F7556}") = "Twitter", "Twitter\Twitter.csproj", "{B89D2FFE-469F-42F2-9BB4-1C111A93585C}"
EndProject
Project("{9A19103F-16F7-4668-BE54-9A1E7A4F7556}") = "TwitterTest", "TwitterTest\TwitterTest.csproj", "{40A90A68-712B-4EEE-8EAF-8D4401BB5610}"
EndProject
Project("{9A19103F-16F7-4668-BE54-9A1E7A4F7556}") = "Hack", "Hack\Hack.csproj", "{F0FC45EF-819B-4972-A870-BC004EA6328E}"
EndProject
Project("{FAE04EC0-301F-11D3-BF4B-00C04F79EFBC}") = "CustomLinkedList", "CustomLinkedList\CustomLinkedList.csproj", "{C4B8839A-F1D3-41A0-98AA-6672DAFB63E2}"
EndProject
Project("{FAE04EC0-301F-11D3-BF4B-00C04F79EFBC}") = "CustomLinkedListTest", "CustomLinkedListTest\CustomLinkedListTest.csproj", "{2CA70E45-38F7-4937-AEE6-0BBF2FCF7055}"
EndProject
Global
	GlobalSection(SolutionConfigurationPlatforms) = preSolution
		Debug|Any CPU = Debug|Any CPU
		Release|Any CPU = Release|Any CPU
	EndGlobalSection
	GlobalSection(ProjectConfigurationPlatforms) = postSolution
		{771E80DB-FCB9-4FAD-9F94-28A9D371A74A}.Debug|Any CPU.ActiveCfg = Debug|Any CPU
		{771E80DB-FCB9-4FAD-9F94-28A9D371A74A}.Debug|Any CPU.Build.0 = Debug|Any CPU
		{771E80DB-FCB9-4FAD-9F94-28A9D371A74A}.Release|Any CPU.ActiveCfg = Release|Any CPU
		{771E80DB-FCB9-4FAD-9F94-28A9D371A74A}.Release|Any CPU.Build.0 = Release|Any CPU
		{4ACF4F30-DCFC-464F-B1FC-8DC32318D80C}.Debug|Any CPU.ActiveCfg = Debug|Any CPU
		{4ACF4F30-DCFC-464F-B1FC-8DC32318D80C}.Debug|Any CPU.Build.0 = Debug|Any CPU
		{4ACF4F30-DCFC-464F-B1FC-8DC32318D80C}.Release|Any CPU.ActiveCfg = Release|Any CPU
		{4ACF4F30-DCFC-464F-B1FC-8DC32318D80C}.Release|Any CPU.Build.0 = Release|Any CPU
		{0C59D761-EB8E-4B0C-9473-B1C0847921F2}.Debug|Any CPU.ActiveCfg = Debug|Any CPU
		{0C59D761-EB8E-4B0C-9473-B1C0847921F2}.Debug|Any CPU.Build.0 = Debug|Any CPU
		{0C59D761-EB8E-4B0C-9473-B1C0847921F2}.Release|Any CPU.ActiveCfg = Release|Any CPU
		{0C59D761-EB8E-4B0C-9473-B1C0847921F2}.Release|Any CPU.Build.0 = Release|Any CPU
		{BEA1ED74-C692-48BF-9565-562F8C9D2A30}.Debug|Any CPU.ActiveCfg = Debug|Any CPU
		{BEA1ED74-C692-48BF-9565-562F8C9D2A30}.Debug|Any CPU.Build.0 = Debug|Any CPU
		{BEA1ED74-C692-48BF-9565-562F8C9D2A30}.Release|Any CPU.ActiveCfg = Release|Any CPU
		{BEA1ED74-C692-48BF-9565-562F8C9D2A30}.Release|Any CPU.Build.0 = Release|Any CPU
		{ADF2CC96-913D-4BBF-A2CC-9952655AEC37}.Debug|Any CPU.ActiveCfg = Debug|Any CPU
		{ADF2CC96-913D-4BBF-A2CC-9952655AEC37}.Debug|Any CPU.Build.0 = Debug|Any CPU
		{ADF2CC96-913D-4BBF-A2CC-9952655AEC37}.Release|Any CPU.ActiveCfg = Release|Any CPU
		{ADF2CC96-913D-4BBF-A2CC-9952655AEC37}.Release|Any CPU.Build.0 = Release|Any CPU
		{4E426D89-074B-4250-BD67-ABDF6FFF15BC}.Debug|Any CPU.ActiveCfg = Debug|Any CPU
		{4E426D89-074B-4250-BD67-ABDF6FFF15BC}.Debug|Any CPU.Build.0 = Debug|Any CPU
		{4E426D89-074B-4250-BD67-ABDF6FFF15BC}.Release|Any CPU.ActiveCfg = Release|Any CPU
		{4E426D89-074B-4250-BD67-ABDF6FFF15BC}.Release|Any CPU.Build.0 = Release|Any CPU
		{B89D2FFE-469F-42F2-9BB4-1C111A93585C}.Debug|Any CPU.ActiveCfg = Debug|Any CPU
		{B89D2FFE-469F-42F2-9BB4-1C111A93585C}.Debug|Any CPU.Build.0 = Debug|Any CPU
		{B89D2FFE-469F-42F2-9BB4-1C111A93585C}.Release|Any CPU.ActiveCfg = Release|Any CPU
		{B89D2FFE-469F-42F2-9BB4-1C111A93585C}.Release|Any CPU.Build.0 = Release|Any CPU
		{40A90A68-712B-4EEE-8EAF-8D4401BB5610}.Debug|Any CPU.ActiveCfg = Debug|Any CPU
		{40A90A68-712B-4EEE-8EAF-8D4401BB5610}.Debug|Any CPU.Build.0 = Debug|Any CPU
		{40A90A68-712B-4EEE-8EAF-8D4401BB5610}.Release|Any CPU.ActiveCfg = Release|Any CPU
		{40A90A68-712B-4EEE-8EAF-8D4401BB5610}.Release|Any CPU.Build.0 = Release|Any CPU
		{F0FC45EF-819B-4972-A870-BC004EA6328E}.Debug|Any CPU.ActiveCfg = Debug|Any CPU
		{F0FC45EF-819B-4972-A870-BC004EA6328E}.Debug|Any CPU.Build.0 = Debug|Any CPU
		{F0FC45EF-819B-4972-A870-BC004EA6328E}.Release|Any CPU.ActiveCfg = Release|Any CPU
		{F0FC45EF-819B-4972-A870-BC004EA6328E}.Release|Any CPU.Build.0 = Release|Any CPU
		{C4B8839A-F1D3-41A0-98AA-6672DAFB63E2}.Debug|Any CPU.ActiveCfg = Debug|Any CPU
		{C4B8839A-F1D3-41A0-98AA-6672DAFB63E2}.Debug|Any CPU.Build.0 = Debug|Any CPU
		{C4B8839A-F1D3-41A0-98AA-6672DAFB63E2}.Release|Any CPU.ActiveCfg = Release|Any CPU
		{C4B8839A-F1D3-41A0-98AA-6672DAFB63E2}.Release|Any CPU.Build.0 = Release|Any CPU
		{2CA70E45-38F7-4937-AEE6-0BBF2FCF7055}.Debug|Any CPU.ActiveCfg = Debug|Any CPU
		{2CA70E45-38F7-4937-AEE6-0BBF2FCF7055}.Debug|Any CPU.Build.0 = Debug|Any CPU
		{2CA70E45-38F7-4937-AEE6-0BBF2FCF7055}.Release|Any CPU.ActiveCfg = Release|Any CPU
		{2CA70E45-38F7-4937-AEE6-0BBF2FCF7055}.Release|Any CPU.Build.0 = Release|Any CPU
	EndGlobalSection
	GlobalSection(SolutionProperties) = preSolution
		HideSolutionNode = FALSE
	EndGlobalSection
	GlobalSection(ExtensibilityGlobals) = postSolution
		SolutionGuid = {78385BD0-F570-4A4D-A7E5-32B4A5482C4B}
	EndGlobalSection
EndGlobal
